#MicroXplorer Configuration settings - do not modify
#Sun Dec 08 21:05:58 CST 2013
File.Version=1
KeepUserPlacement=true
Mcu.Family=STM32F1
Mcu.IP0=SYS
Mcu.IP1=TIM3
Mcu.IP2=TIM4
Mcu.IP3=TIM5
Mcu.IP4=TIM8
Mcu.IPNb=5
Mcu.Name=STM32F103Z(C-D-E)Tx
Mcu.Package=LQFP144
Mcu.Pin0=PA0-WKUP
Mcu.Pin1=PA1
Mcu.Pin10=PA14
Mcu.Pin11=PA15
Mcu.Pin12=PB3
Mcu.Pin2=PA6
Mcu.Pin3=PA7
Mcu.Pin4=PB10
Mcu.Pin5=PD12
Mcu.Pin6=PD13
Mcu.Pin7=PC6
Mcu.Pin8=PC7
Mcu.Pin9=PA13
Mcu.PinsNb=13
PA0-WKUP.Mode=Encoder-Interface
PA0-WKUP.Signal=TIM5_CH1
PA1.Mode=Encoder-Interface
PA1.Signal=TIM5_CH2
PA13.Mode=JTAG(4-pin)
PA13.Signal=SYS_JTMS-SWDIO
PA14.Mode=JTAG(4-pin)
PA14.Signal=SYS_JTCK-SWCLK
PA15.Mode=JTAG(4-pin)
PA15.Signal=SYS_JTDI
PA6.Mode=Encoder-Interface
PA6.Signal=TIM3_CH1
PA7.Mode=Encoder-Interface
PA7.Signal=TIM3_CH2
PB10.Signal=TIM2_CH3
PB3.Mode=JTAG(4-pin)
PB3.Signal=SYS_JTDO-TRACESWO
PC6.Mode=Encoder-Interface
PC6.Signal=TIM8_CH1
PC7.Mode=Encoder-Interface
PC7.Signal=TIM8_CH2
PD12.Mode=Encoder-Interface
PD12.Signal=TIM4_CH1
PD13.Mode=Encoder-Interface
PD13.Signal=TIM4_CH2
