#MicroXplorer Configuration settings - do not modify
#Sat Mar 22 08:35:26 CST 2014
File.Version=1
KeepUserPlacement=true
Mcu.Family=STM32F1
Mcu.IP0=SPI2
Mcu.IP1=SYS
Mcu.IP2=TIM3
Mcu.IP3=TIM4
Mcu.IP4=USART1
Mcu.IP5=USART2
Mcu.IPNb=6
Mcu.Name=STM32F103Z(C-D-E)Tx
Mcu.Package=LQFP144
Mcu.Pin0=PA2
Mcu.Pin1=PA3
Mcu.Pin10=PD12
Mcu.Pin11=PD13
Mcu.Pin12=PA9
Mcu.Pin13=PA10
Mcu.Pin14=PA13
Mcu.Pin15=PA14
Mcu.Pin16=PA15
Mcu.Pin17=PB3
Mcu.Pin2=PA6
Mcu.Pin3=PA7
Mcu.Pin4=PB10
Mcu.Pin5=PB12
Mcu.Pin6=PB13
Mcu.Pin7=PB14
Mcu.Pin8=PB15
Mcu.Pin9=PD8
Mcu.PinsNb=18
PA10.Mode=Asynchronous
PA10.Signal=USART1_RX
PA13.Mode=JTAG(4-pin)
PA13.Signal=SYS_JTMS-SWDIO
PA14.Mode=JTAG(4-pin)
PA14.Signal=SYS_JTCK-SWCLK
PA15.Mode=JTAG(4-pin)
PA15.Signal=SYS_JTDI
PA2.Mode=Asynchronous
PA2.Signal=USART2_TX
PA3.Mode=Asynchronous
PA3.Signal=USART2_RX
PA6.Mode=Encoder-Interface
PA6.Signal=TIM3_CH1
PA7.Mode=Encoder-Interface
PA7.Signal=TIM3_CH2
PA9.Mode=Asynchronous
PA9.Signal=USART1_TX
PB10.Signal=TIM2_CH3
PB12.Mode=Full-Duplex-Master_With-NSS
PB12.Signal=SPI2_NSS
PB13.Mode=Full-Duplex-Master_With-NSS
PB13.Signal=SPI2_SCK
PB14.Mode=Full-Duplex-Master_With-NSS
PB14.Signal=SPI2_MISO
PB15.Mode=Full-Duplex-Master_With-NSS
PB15.Signal=SPI2_MOSI
PB3.Mode=JTAG(4-pin)
PB3.Signal=SYS_JTDO-TRACESWO
PD12.Mode=Encoder-Interface
PD12.Signal=TIM4_CH1
PD13.Mode=Encoder-Interface
PD13.Signal=TIM4_CH2
PD8.Signal=GPIO_Input
