#MicroXplorer Configuration settings - do not modify
#Thu May 01 15:20:16 CST 2014
File.Version=1
KeepUserPlacement=true
Mcu.Family=STM32F1
Mcu.IP0=DAC
Mcu.IP1=SPI1
Mcu.IP2=SPI2
Mcu.IP3=SYS
Mcu.IP4=TIM4
Mcu.IP5=USART1
Mcu.IP6=USART2
Mcu.IPNb=7
Mcu.Name=STM32F103Z(C-D-E)Tx
Mcu.Package=LQFP144
Mcu.Pin0=PA0-WKUP
Mcu.Pin1=PA1
Mcu.Pin10=PD8
Mcu.Pin11=PD12
Mcu.Pin12=PD13
Mcu.Pin13=PA9
Mcu.Pin14=PA10
Mcu.Pin15=PA13
Mcu.Pin16=PA14
Mcu.Pin17=PB3
Mcu.Pin18=PB4
Mcu.Pin19=PB5
Mcu.Pin2=PA2
Mcu.Pin3=PA3
Mcu.Pin4=PA4
Mcu.Pin5=PA5
Mcu.Pin6=PB12
Mcu.Pin7=PB13
Mcu.Pin8=PB14
Mcu.Pin9=PB15
Mcu.PinsNb=20
PA0-WKUP.Mode=Hardware-flow-control
PA0-WKUP.Signal=USART2_CTS
PA1.Mode=Hardware-flow-control
PA1.Signal=USART2_RTS
PA10.Mode=Asynchronous
PA10.Signal=USART1_RX
PA13.Mode=Serial-Wire
PA13.Signal=SYS_JTMS-SWDIO
PA14.Mode=Serial-Wire
PA14.Signal=SYS_JTCK-SWCLK
PA2.Mode=Hardware-flow-control
PA2.Signal=USART2_TX
PA3.Mode=Hardware-flow-control
PA3.Signal=USART2_RX
PA4.Mode=OUT1
PA4.Signal=DAC_OUT1
PA5.Mode=OUT2
PA5.Signal=DAC_OUT2
PA9.Mode=Asynchronous
PA9.Signal=USART1_TX
PB12.Mode=Full-Duplex-Master_With-NSS
PB12.Signal=SPI2_NSS
PB13.Mode=Full-Duplex-Master_With-NSS
PB13.Signal=SPI2_SCK
PB14.Mode=Full-Duplex-Master_With-NSS
PB14.Signal=SPI2_MISO
PB15.Mode=Full-Duplex-Master_With-NSS
PB15.Signal=SPI2_MOSI
PB3.Mode=Full-Duplex-Master
PB3.Signal=SPI1_SCK
PB4.Mode=Full-Duplex-Master
PB4.Signal=SPI1_MISO
PB5.Mode=Full-Duplex-Master
PB5.Signal=SPI1_MOSI
PD12.Mode=Encoder-Interface
PD12.Signal=TIM4_CH1
PD13.Mode=Encoder-Interface
PD13.Signal=TIM4_CH2
PD8.Signal=GPIO_Input
